
Microsoft Visual Studio Solution File, Format Version 12.00
# Visual Studio Version 17
VisualStudioVersion = 17.9.34622.214
MinimumVisualStudioVersion = 10.0.40219.1
Project("{FAE04EC0-301F-11D3-BF4B-00C04F79EFBC}") = "App NorthwindBeta", "App NorthwindBeta\App NorthwindBeta.csproj", "{E0DADC81-3A47-43CD-A8B1-E2B632BC0BD3}"
EndProject
Global
	GlobalSection(SolutionConfigurationPlatforms) = preSolution
		Debug|Any CPU = Debug|Any CPU
		Release|Any CPU = Release|Any CPU
	EndGlobalSection
	GlobalSection(ProjectConfigurationPlatforms) = postSolution
		{E0DADC81-3A47-43CD-A8B1-E2B632BC0BD3}.Debug|Any CPU.ActiveCfg = Debug|Any CPU
		{E0DADC81-3A47-43CD-A8B1-E2B632BC0BD3}.Debug|Any CPU.Build.0 = Debug|Any CPU
		{E0DADC81-3A47-43CD-A8B1-E2B632BC0BD3}.Release|Any CPU.ActiveCfg = Release|Any CPU
		{E0DADC81-3A47-43CD-A8B1-E2B632BC0BD3}.Release|Any CPU.Build.0 = Release|Any CPU
	EndGlobalSection
	GlobalSection(SolutionProperties) = preSolution
		HideSolutionNode = FALSE
	EndGlobalSection
	GlobalSection(ExtensibilityGlobals) = postSolution
		SolutionGuid = {ABBD3B91-16AB-40C7-8CA6-7BBD918AE10A}
	EndGlobalSection
EndGlobal
